// !$*UTF8*$!
{
	archiveVersion = 1;
	classes = {
	};
	objectVersion = 50;
	objects = {

/* Begin PBXBuildFile section */
		3B318C5A310F07248A8FEFE9 /* Pods_Welp.framework in Frameworks */ = {isa = PBXBuildFile; fileRef = 90D5993A3FB480780743D40E /* Pods_Welp.framework */; };
		963B1EDE22014EA300388F67 /* WaterFountain.swift in Sources */ = {isa = PBXBuildFile; fileRef = 963B1EDD22014EA300388F67 /* WaterFountain.swift */; };
		963B1EE622016DF500388F67 /* MapVC.swift in Sources */ = {isa = PBXBuildFile; fileRef = 963B1EE522016DF500388F67 /* MapVC.swift */; };
		963D15142214F1DC0000747D /* SignupVC.swift in Sources */ = {isa = PBXBuildFile; fileRef = 963D15132214F1DC0000747D /* SignupVC.swift */; };
		963D15182215247E0000747D /* WFCell.swift in Sources */ = {isa = PBXBuildFile; fileRef = 963D15172215247E0000747D /* WFCell.swift */; };
		963D4B912214912A00090566 /* MapKit.framework in Frameworks */ = {isa = PBXBuildFile; fileRef = 963D4B902214912A00090566 /* MapKit.framework */; };
		963D4B932214B8A600090566 /* LogInVC.swift in Sources */ = {isa = PBXBuildFile; fileRef = 963D4B922214B8A600090566 /* LogInVC.swift */; };
		9644333A21EF030B000D3C38 /* AppDelegate.swift in Sources */ = {isa = PBXBuildFile; fileRef = 9644333921EF030B000D3C38 /* AppDelegate.swift */; };
		9644333C21EF030B000D3C38 /* ViewController.swift in Sources */ = {isa = PBXBuildFile; fileRef = 9644333B21EF030B000D3C38 /* ViewController.swift */; };
		9644333F21EF030B000D3C38 /* Main.storyboard in Resources */ = {isa = PBXBuildFile; fileRef = 9644333D21EF030B000D3C38 /* Main.storyboard */; };
		9644334121EF030B000D3C38 /* Assets.xcassets in Resources */ = {isa = PBXBuildFile; fileRef = 9644334021EF030B000D3C38 /* Assets.xcassets */; };
		9644334421EF030B000D3C38 /* LaunchScreen.storyboard in Resources */ = {isa = PBXBuildFile; fileRef = 9644334221EF030B000D3C38 /* LaunchScreen.storyboard */; };
		9649875D22228450005AE6DC /* SchoolMap.swift in Sources */ = {isa = PBXBuildFile; fileRef = 9649875C22228450005AE6DC /* SchoolMap.swift */; };
		9649878322253079005AE6DC /* School.swift in Sources */ = {isa = PBXBuildFile; fileRef = 9649878222253079005AE6DC /* School.swift */; };
		9649878522271AD5005AE6DC /* SchoolDetail.swift in Sources */ = {isa = PBXBuildFile; fileRef = 9649878422271AD5005AE6DC /* SchoolDetail.swift */; };
		96784FE7222CC5CC00C60DA8 /* FountainDetailVC.swift in Sources */ = {isa = PBXBuildFile; fileRef = 96784FE6222CC5CC00C60DA8 /* FountainDetailVC.swift */; };
		96784FE9222CE50100C60DA8 /* AddReviewVC.swift in Sources */ = {isa = PBXBuildFile; fileRef = 96784FE8222CE50100C60DA8 /* AddReviewVC.swift */; };
		96784FEB222DB37400C60DA8 /* UIImageView+DownloadImage.swift in Sources */ = {isa = PBXBuildFile; fileRef = 96784FEA222DB37400C60DA8 /* UIImageView+DownloadImage.swift */; };
		967AC6C12213FD25009B2AC8 /* GoogleService-Info.plist in Resources */ = {isa = PBXBuildFile; fileRef = 967AC6C02213FD25009B2AC8 /* GoogleService-Info.plist */; };
		96954E77220BF20B007555B4 /* ProfileVC.swift in Sources */ = {isa = PBXBuildFile; fileRef = 96954E76220BF20B007555B4 /* ProfileVC.swift */; };
		96AF2F68222A48EA00AD3CF8 /* Review.swift in Sources */ = {isa = PBXBuildFile; fileRef = 96AF2F67222A48EA00AD3CF8 /* Review.swift */; };
		96AF2F6A222A4C0200AD3CF8 /* RootProfileVC.swift in Sources */ = {isa = PBXBuildFile; fileRef = 96AF2F69222A4C0200AD3CF8 /* RootProfileVC.swift */; };
		96AF2F6C222A7C5A00AD3CF8 /* NewReviewVC.swift in Sources */ = {isa = PBXBuildFile; fileRef = 96AF2F6B222A7C5A00AD3CF8 /* NewReviewVC.swift */; };
		96AF2F6E222B2D4D00AD3CF8 /* HideKeyboard.swift in Sources */ = {isa = PBXBuildFile; fileRef = 96AF2F6D222B2D4D00AD3CF8 /* HideKeyboard.swift */; };
		96AF2F71222B77F100AD3CF8 /* RatingControl.swift in Sources */ = {isa = PBXBuildFile; fileRef = 96AF2F70222B77F100AD3CF8 /* RatingControl.swift */; };
		96AF2F77222BA0A900AD3CF8 /* Montserrat-Regular.ttf in Resources */ = {isa = PBXBuildFile; fileRef = 96AF2F75222BA0A900AD3CF8 /* Montserrat-Regular.ttf */; };
		96AF2F78222BA0A900AD3CF8 /* Montserrat-Bold.ttf in Resources */ = {isa = PBXBuildFile; fileRef = 96AF2F76222BA0A900AD3CF8 /* Montserrat-Bold.ttf */; };
		96AF2F7C222BAD7E00AD3CF8 /* WaterFountains.swift in Sources */ = {isa = PBXBuildFile; fileRef = 96AF2F7B222BAD7E00AD3CF8 /* WaterFountains.swift */; };
		96AF2F7E222BBC5200AD3CF8 /* ReviewDoneVC.swift in Sources */ = {isa = PBXBuildFile; fileRef = 96AF2F7D222BBC5200AD3CF8 /* ReviewDoneVC.swift */; };
		96AF2F80222BC10000AD3CF8 /* CreateProfileVC.swift in Sources */ = {isa = PBXBuildFile; fileRef = 96AF2F7F222BC10000AD3CF8 /* CreateProfileVC.swift */; };
		96AF2F84222BCFD600AD3CF8 /* tone.wav in Resources */ = {isa = PBXBuildFile; fileRef = 96AF2F83222BCFD600AD3CF8 /* tone.wav */; };
		96FA53872216986200054526 /* Helper.swift in Sources */ = {isa = PBXBuildFile; fileRef = 96FA53862216986200054526 /* Helper.swift */; };
/* End PBXBuildFile section */

/* Begin PBXFileReference section */
		8C260627F81F7D10B3B8E068 /* Pods-Welp.debug.xcconfig */ = {isa = PBXFileReference; includeInIndex = 1; lastKnownFileType = text.xcconfig; name = "Pods-Welp.debug.xcconfig"; path = "Target Support Files/Pods-Welp/Pods-Welp.debug.xcconfig"; sourceTree = "<group>"; };
		90D5993A3FB480780743D40E /* Pods_Welp.framework */ = {isa = PBXFileReference; explicitFileType = wrapper.framework; includeInIndex = 0; path = Pods_Welp.framework; sourceTree = BUILT_PRODUCTS_DIR; };
		963B1EDD22014EA300388F67 /* WaterFountain.swift */ = {isa = PBXFileReference; lastKnownFileType = sourcecode.swift; path = WaterFountain.swift; sourceTree = "<group>"; };
		963B1EE522016DF500388F67 /* MapVC.swift */ = {isa = PBXFileReference; lastKnownFileType = sourcecode.swift; path = MapVC.swift; sourceTree = "<group>"; };
		963D15132214F1DC0000747D /* SignupVC.swift */ = {isa = PBXFileReference; lastKnownFileType = sourcecode.swift; path = SignupVC.swift; sourceTree = "<group>"; };
		963D15172215247E0000747D /* WFCell.swift */ = {isa = PBXFileReference; lastKnownFileType = sourcecode.swift; path = WFCell.swift; sourceTree = "<group>"; };
		963D4B902214912A00090566 /* MapKit.framework */ = {isa = PBXFileReference; lastKnownFileType = wrapper.framework; name = MapKit.framework; path = System/Library/Frameworks/MapKit.framework; sourceTree = SDKROOT; };
		963D4B922214B8A600090566 /* LogInVC.swift */ = {isa = PBXFileReference; lastKnownFileType = sourcecode.swift; path = LogInVC.swift; sourceTree = "<group>"; };
		9644333621EF030B000D3C38 /* Welp.app */ = {isa = PBXFileReference; explicitFileType = wrapper.application; includeInIndex = 0; path = Welp.app; sourceTree = BUILT_PRODUCTS_DIR; };
		9644333921EF030B000D3C38 /* AppDelegate.swift */ = {isa = PBXFileReference; lastKnownFileType = sourcecode.swift; path = AppDelegate.swift; sourceTree = "<group>"; };
		9644333B21EF030B000D3C38 /* ViewController.swift */ = {isa = PBXFileReference; lastKnownFileType = sourcecode.swift; path = ViewController.swift; sourceTree = "<group>"; };
		9644333E21EF030B000D3C38 /* Base */ = {isa = PBXFileReference; lastKnownFileType = file.storyboard; name = Base; path = Base.lproj/Main.storyboard; sourceTree = "<group>"; };
		9644334021EF030B000D3C38 /* Assets.xcassets */ = {isa = PBXFileReference; lastKnownFileType = folder.assetcatalog; path = Assets.xcassets; sourceTree = "<group>"; };
		9644334321EF030B000D3C38 /* Base */ = {isa = PBXFileReference; lastKnownFileType = file.storyboard; name = Base; path = Base.lproj/LaunchScreen.storyboard; sourceTree = "<group>"; };
		9644334521EF030B000D3C38 /* Info.plist */ = {isa = PBXFileReference; lastKnownFileType = text.plist.xml; path = Info.plist; sourceTree = "<group>"; };
		9649875C22228450005AE6DC /* SchoolMap.swift */ = {isa = PBXFileReference; lastKnownFileType = sourcecode.swift; path = SchoolMap.swift; sourceTree = "<group>"; };
		9649878222253079005AE6DC /* School.swift */ = {isa = PBXFileReference; lastKnownFileType = sourcecode.swift; path = School.swift; sourceTree = "<group>"; };
		9649878422271AD5005AE6DC /* SchoolDetail.swift */ = {isa = PBXFileReference; lastKnownFileType = sourcecode.swift; path = SchoolDetail.swift; sourceTree = "<group>"; };
		96784FE6222CC5CC00C60DA8 /* FountainDetailVC.swift */ = {isa = PBXFileReference; lastKnownFileType = sourcecode.swift; path = FountainDetailVC.swift; sourceTree = "<group>"; };
		96784FE8222CE50100C60DA8 /* AddReviewVC.swift */ = {isa = PBXFileReference; lastKnownFileType = sourcecode.swift; path = AddReviewVC.swift; sourceTree = "<group>"; };
		96784FEA222DB37400C60DA8 /* UIImageView+DownloadImage.swift */ = {isa = PBXFileReference; lastKnownFileType = sourcecode.swift; path = "UIImageView+DownloadImage.swift"; sourceTree = "<group>"; };
		967AC6C02213FD25009B2AC8 /* GoogleService-Info.plist */ = {isa = PBXFileReference; fileEncoding = 4; lastKnownFileType = text.plist.xml; path = "GoogleService-Info.plist"; sourceTree = "<group>"; };
		96954E76220BF20B007555B4 /* ProfileVC.swift */ = {isa = PBXFileReference; lastKnownFileType = sourcecode.swift; path = ProfileVC.swift; sourceTree = "<group>"; };
		969C77F7222E3DFC00B1053F /* README.md */ = {isa = PBXFileReference; lastKnownFileType = net.daringfireball.markdown; path = README.md; sourceTree = "<group>"; };
		96AF2F67222A48EA00AD3CF8 /* Review.swift */ = {isa = PBXFileReference; lastKnownFileType = sourcecode.swift; path = Review.swift; sourceTree = "<group>"; };
		96AF2F69222A4C0200AD3CF8 /* RootProfileVC.swift */ = {isa = PBXFileReference; lastKnownFileType = sourcecode.swift; path = RootProfileVC.swift; sourceTree = "<group>"; };
		96AF2F6B222A7C5A00AD3CF8 /* NewReviewVC.swift */ = {isa = PBXFileReference; lastKnownFileType = sourcecode.swift; path = NewReviewVC.swift; sourceTree = "<group>"; };
		96AF2F6D222B2D4D00AD3CF8 /* HideKeyboard.swift */ = {isa = PBXFileReference; lastKnownFileType = sourcecode.swift; path = HideKeyboard.swift; sourceTree = "<group>"; };
		96AF2F6F222B457B00AD3CF8 /* Welp.entitlements */ = {isa = PBXFileReference; lastKnownFileType = text.plist.entitlements; path = Welp.entitlements; sourceTree = "<group>"; };
		96AF2F70222B77F100AD3CF8 /* RatingControl.swift */ = {isa = PBXFileReference; lastKnownFileType = sourcecode.swift; path = RatingControl.swift; sourceTree = "<group>"; };
		96AF2F75222BA0A900AD3CF8 /* Montserrat-Regular.ttf */ = {isa = PBXFileReference; lastKnownFileType = file; path = "Montserrat-Regular.ttf"; sourceTree = "<group>"; };
		96AF2F76222BA0A900AD3CF8 /* Montserrat-Bold.ttf */ = {isa = PBXFileReference; lastKnownFileType = file; path = "Montserrat-Bold.ttf"; sourceTree = "<group>"; };
		96AF2F7B222BAD7E00AD3CF8 /* WaterFountains.swift */ = {isa = PBXFileReference; lastKnownFileType = sourcecode.swift; path = WaterFountains.swift; sourceTree = "<group>"; };
		96AF2F7D222BBC5200AD3CF8 /* ReviewDoneVC.swift */ = {isa = PBXFileReference; lastKnownFileType = sourcecode.swift; path = ReviewDoneVC.swift; sourceTree = "<group>"; };
		96AF2F7F222BC10000AD3CF8 /* CreateProfileVC.swift */ = {isa = PBXFileReference; lastKnownFileType = sourcecode.swift; path = CreateProfileVC.swift; sourceTree = "<group>"; };
		96AF2F83222BCFD600AD3CF8 /* tone.wav */ = {isa = PBXFileReference; lastKnownFileType = audio.wav; path = tone.wav; sourceTree = "<group>"; };
		96FA53862216986200054526 /* Helper.swift */ = {isa = PBXFileReference; lastKnownFileType = sourcecode.swift; path = Helper.swift; sourceTree = "<group>"; };
		9B37B81297CBF4C35F3779F2 /* Pods-Welp.release.xcconfig */ = {isa = PBXFileReference; includeInIndex = 1; lastKnownFileType = text.xcconfig; name = "Pods-Welp.release.xcconfig"; path = "Target Support Files/Pods-Welp/Pods-Welp.release.xcconfig"; sourceTree = "<group>"; };
/* End PBXFileReference section */

/* Begin PBXFrameworksBuildPhase section */
		9644333321EF030B000D3C38 /* Frameworks */ = {
			isa = PBXFrameworksBuildPhase;
			buildActionMask = 2147483647;
			files = (
				963D4B912214912A00090566 /* MapKit.framework in Frameworks */,
				3B318C5A310F07248A8FEFE9 /* Pods_Welp.framework in Frameworks */,
			);
			runOnlyForDeploymentPostprocessing = 0;
		};
/* End PBXFrameworksBuildPhase section */

/* Begin PBXGroup section */
		17B050B67D776D9E9ED04A83 /* Pods */ = {
			isa = PBXGroup;
			children = (
				8C260627F81F7D10B3B8E068 /* Pods-Welp.debug.xcconfig */,
				9B37B81297CBF4C35F3779F2 /* Pods-Welp.release.xcconfig */,
			);
			path = Pods;
			sourceTree = "<group>";
		};
		92B7F2347855487FBFB4336D /* Frameworks */ = {
			isa = PBXGroup;
			children = (
				963D4B902214912A00090566 /* MapKit.framework */,
				90D5993A3FB480780743D40E /* Pods_Welp.framework */,
			);
			name = Frameworks;
			sourceTree = "<group>";
		};
		9644332D21EF030B000D3C38 = {
			isa = PBXGroup;
			children = (
				969C77F7222E3DFC00B1053F /* README.md */,
				9644333821EF030B000D3C38 /* Welp */,
				9644333721EF030B000D3C38 /* Products */,
				17B050B67D776D9E9ED04A83 /* Pods */,
				92B7F2347855487FBFB4336D /* Frameworks */,
			);
			sourceTree = "<group>";
		};
		9644333721EF030B000D3C38 /* Products */ = {
			isa = PBXGroup;
			children = (
				9644333621EF030B000D3C38 /* Welp.app */,
			);
			name = Products;
			sourceTree = "<group>";
		};
		9644333821EF030B000D3C38 /* Welp */ = {
			isa = PBXGroup;
			children = (
				96AF2F6F222B457B00AD3CF8 /* Welp.entitlements */,
				967AC6C02213FD25009B2AC8 /* GoogleService-Info.plist */,
				9644334021EF030B000D3C38 /* Assets.xcassets */,
				9644333921EF030B000D3C38 /* AppDelegate.swift */,
				9644333B21EF030B000D3C38 /* ViewController.swift */,
				9649875C22228450005AE6DC /* SchoolMap.swift */,
				963B1EE522016DF500388F67 /* MapVC.swift */,
				9644333D21EF030B000D3C38 /* Main.storyboard */,
				96AF2F70222B77F100AD3CF8 /* RatingControl.swift */,
				96954E76220BF20B007555B4 /* ProfileVC.swift */,
				9644334221EF030B000D3C38 /* LaunchScreen.storyboard */,
				9644334521EF030B000D3C38 /* Info.plist */,
				963D4B922214B8A600090566 /* LogInVC.swift */,
				963D15132214F1DC0000747D /* SignupVC.swift */,
				963D15172215247E0000747D /* WFCell.swift */,
				96FA53862216986200054526 /* Helper.swift */,
				96AF2F67222A48EA00AD3CF8 /* Review.swift */,
				96AF2F7B222BAD7E00AD3CF8 /* WaterFountains.swift */,
				963B1EDD22014EA300388F67 /* WaterFountain.swift */,
				96784FE6222CC5CC00C60DA8 /* FountainDetailVC.swift */,
				96AF2F7F222BC10000AD3CF8 /* CreateProfileVC.swift */,
				96AF2F69222A4C0200AD3CF8 /* RootProfileVC.swift */,
				96AF2F7D222BBC5200AD3CF8 /* ReviewDoneVC.swift */,
				96AF2F6B222A7C5A00AD3CF8 /* NewReviewVC.swift */,
				96AF2F6D222B2D4D00AD3CF8 /* HideKeyboard.swift */,
				9649878222253079005AE6DC /* School.swift */,
				9649878422271AD5005AE6DC /* SchoolDetail.swift */,
				96AF2F83222BCFD600AD3CF8 /* tone.wav */,
				96784FE8222CE50100C60DA8 /* AddReviewVC.swift */,
				96784FEA222DB37400C60DA8 /* UIImageView+DownloadImage.swift */,
				96AF2F74222BA09A00AD3CF8 /* Fonts */,
			);
			path = Welp;
			sourceTree = "<group>";
		};
		96AF2F74222BA09A00AD3CF8 /* Fonts */ = {
			isa = PBXGroup;
			children = (
				96AF2F76222BA0A900AD3CF8 /* Montserrat-Bold.ttf */,
				96AF2F75222BA0A900AD3CF8 /* Montserrat-Regular.ttf */,
			);
			path = Fonts;
			sourceTree = "<group>";
		};
/* End PBXGroup section */

/* Begin PBXNativeTarget section */
		9644333521EF030B000D3C38 /* Welp */ = {
			isa = PBXNativeTarget;
			buildConfigurationList = 9644334821EF030B000D3C38 /* Build configuration list for PBXNativeTarget "Welp" */;
			buildPhases = (
				325E726BBD2F90EEDBF0ADA4 /* [CP] Check Pods Manifest.lock */,
				9644333221EF030B000D3C38 /* Sources */,
				9644333321EF030B000D3C38 /* Frameworks */,
				9644333421EF030B000D3C38 /* Resources */,
				8CDAFFE10497863022649E81 /* [CP] Embed Pods Frameworks */,
				E1154F3C94E8477444741140 /* [CP] Copy Pods Resources */,
			);
			buildRules = (
			);
			dependencies = (
			);
			name = Welp;
			productName = Liance;
			productReference = 9644333621EF030B000D3C38 /* Welp.app */;
			productType = "com.apple.product-type.application";
		};
/* End PBXNativeTarget section */

/* Begin PBXProject section */
		9644332E21EF030B000D3C38 /* Project object */ = {
			isa = PBXProject;
			attributes = {
				LastSwiftUpdateCheck = 1010;
				LastUpgradeCheck = 1010;
				ORGANIZATIONNAME = "Jason Fong";
				TargetAttributes = {
					9644333521EF030B000D3C38 = {
						CreatedOnToolsVersion = 10.1;
						SystemCapabilities = {
							com.apple.Keychain = {
								enabled = 1;
							};
							com.apple.Maps.iOS = {
								enabled = 1;
							};
						};
					};
				};
			};
			buildConfigurationList = 9644333121EF030B000D3C38 /* Build configuration list for PBXProject "Welp" */;
			compatibilityVersion = "Xcode 9.3";
			developmentRegion = en;
			hasScannedForEncodings = 0;
			knownRegions = (
				en,
				Base,
			);
			mainGroup = 9644332D21EF030B000D3C38;
			productRefGroup = 9644333721EF030B000D3C38 /* Products */;
			projectDirPath = "";
			projectRoot = "";
			targets = (
				9644333521EF030B000D3C38 /* Welp */,
			);
		};
/* End PBXProject section */

/* Begin PBXResourcesBuildPhase section */
		9644333421EF030B000D3C38 /* Resources */ = {
			isa = PBXResourcesBuildPhase;
			buildActionMask = 2147483647;
			files = (
				9644334421EF030B000D3C38 /* LaunchScreen.storyboard in Resources */,
				967AC6C12213FD25009B2AC8 /* GoogleService-Info.plist in Resources */,
				96AF2F78222BA0A900AD3CF8 /* Montserrat-Bold.ttf in Resources */,
				9644334121EF030B000D3C38 /* Assets.xcassets in Resources */,
				96AF2F77222BA0A900AD3CF8 /* Montserrat-Regular.ttf in Resources */,
				96AF2F84222BCFD600AD3CF8 /* tone.wav in Resources */,
				9644333F21EF030B000D3C38 /* Main.storyboard in Resources */,
			);
			runOnlyForDeploymentPostprocessing = 0;
		};
/* End PBXResourcesBuildPhase section */

/* Begin PBXShellScriptBuildPhase section */
		325E726BBD2F90EEDBF0ADA4 /* [CP] Check Pods Manifest.lock */ = {
			isa = PBXShellScriptBuildPhase;
			buildActionMask = 2147483647;
			files = (
			);
			inputFileListPaths = (
			);
			inputPaths = (
				"${PODS_PODFILE_DIR_PATH}/Podfile.lock",
				"${PODS_ROOT}/Manifest.lock",
			);
			name = "[CP] Check Pods Manifest.lock";
			outputFileListPaths = (
			);
			outputPaths = (
				"$(DERIVED_FILE_DIR)/Pods-Welp-checkManifestLockResult.txt",
			);
			runOnlyForDeploymentPostprocessing = 0;
			shellPath = /bin/sh;
			shellScript = "diff \"${PODS_PODFILE_DIR_PATH}/Podfile.lock\" \"${PODS_ROOT}/Manifest.lock\" > /dev/null\nif [ $? != 0 ] ; then\n    # print error to STDERR\n    echo \"error: The sandbox is not in sync with the Podfile.lock. Run 'pod install' or update your CocoaPods installation.\" >&2\n    exit 1\nfi\n# This output is used by Xcode 'outputs' to avoid re-running this script phase.\necho \"SUCCESS\" > \"${SCRIPT_OUTPUT_FILE_0}\"\n";
			showEnvVarsInLog = 0;
		};
		8CDAFFE10497863022649E81 /* [CP] Embed Pods Frameworks */ = {
			isa = PBXShellScriptBuildPhase;
			buildActionMask = 2147483647;
			files = (
			);
			inputFileListPaths = (
			);
			inputPaths = (
				"${PODS_ROOT}/Target Support Files/Pods-Welp/Pods-Welp-frameworks.sh",
				"${BUILT_PRODUCTS_DIR}/Bolts/Bolts.framework",
				"${BUILT_PRODUCTS_DIR}/FBSDKCoreKit/FBSDKCoreKit.framework",
				"${BUILT_PRODUCTS_DIR}/FBSDKLoginKit/FBSDKLoginKit.framework",
				"${BUILT_PRODUCTS_DIR}/GTMSessionFetcher/GTMSessionFetcher.framework",
				"${BUILT_PRODUCTS_DIR}/GoogleToolboxForMac/GoogleToolboxForMac.framework",
				"${BUILT_PRODUCTS_DIR}/GoogleUtilities/GoogleUtilities.framework",
				"${BUILT_PRODUCTS_DIR}/leveldb-library/leveldb.framework",
				"${BUILT_PRODUCTS_DIR}/nanopb/nanopb.framework",
			);
			name = "[CP] Embed Pods Frameworks";
			outputFileListPaths = (
			);
			outputPaths = (
				"${TARGET_BUILD_DIR}/${FRAMEWORKS_FOLDER_PATH}/Bolts.framework",
				"${TARGET_BUILD_DIR}/${FRAMEWORKS_FOLDER_PATH}/FBSDKCoreKit.framework",
				"${TARGET_BUILD_DIR}/${FRAMEWORKS_FOLDER_PATH}/FBSDKLoginKit.framework",
				"${TARGET_BUILD_DIR}/${FRAMEWORKS_FOLDER_PATH}/GTMSessionFetcher.framework",
				"${TARGET_BUILD_DIR}/${FRAMEWORKS_FOLDER_PATH}/GoogleToolboxForMac.framework",
				"${TARGET_BUILD_DIR}/${FRAMEWORKS_FOLDER_PATH}/GoogleUtilities.framework",
				"${TARGET_BUILD_DIR}/${FRAMEWORKS_FOLDER_PATH}/leveldb.framework",
				"${TARGET_BUILD_DIR}/${FRAMEWORKS_FOLDER_PATH}/nanopb.framework",
			);
			runOnlyForDeploymentPostprocessing = 0;
			shellPath = /bin/sh;
			shellScript = "\"${PODS_ROOT}/Target Support Files/Pods-Welp/Pods-Welp-frameworks.sh\"\n";
			showEnvVarsInLog = 0;
		};
		E1154F3C94E8477444741140 /* [CP] Copy Pods Resources */ = {
			isa = PBXShellScriptBuildPhase;
			buildActionMask = 2147483647;
			files = (
			);
			inputFileListPaths = (
			);
			inputPaths = (
				"${PODS_ROOT}/Target Support Files/Pods-Welp/Pods-Welp-resources.sh",
				"${PODS_ROOT}/GoogleSignIn/Resources/GoogleSignIn.bundle",
			);
			name = "[CP] Copy Pods Resources";
			outputFileListPaths = (
			);
			outputPaths = (
				"${TARGET_BUILD_DIR}/${UNLOCALIZED_RESOURCES_FOLDER_PATH}/GoogleSignIn.bundle",
			);
			runOnlyForDeploymentPostprocessing = 0;
			shellPath = /bin/sh;
			shellScript = "\"${PODS_ROOT}/Target Support Files/Pods-Welp/Pods-Welp-resources.sh\"\n";
			showEnvVarsInLog = 0;
		};
/* End PBXShellScriptBuildPhase section */

/* Begin PBXSourcesBuildPhase section */
		9644333221EF030B000D3C38 /* Sources */ = {
			isa = PBXSourcesBuildPhase;
			buildActionMask = 2147483647;
			files = (
				96954E77220BF20B007555B4 /* ProfileVC.swift in Sources */,
				963D15142214F1DC0000747D /* SignupVC.swift in Sources */,
				9649875D22228450005AE6DC /* SchoolMap.swift in Sources */,
				963B1EDE22014EA300388F67 /* WaterFountain.swift in Sources */,
				963D4B932214B8A600090566 /* LogInVC.swift in Sources */,
				96AF2F6C222A7C5A00AD3CF8 /* NewReviewVC.swift in Sources */,
				963D15182215247E0000747D /* WFCell.swift in Sources */,
				96FA53872216986200054526 /* Helper.swift in Sources */,
				96784FE7222CC5CC00C60DA8 /* FountainDetailVC.swift in Sources */,
				96784FEB222DB37400C60DA8 /* UIImageView+DownloadImage.swift in Sources */,
				96AF2F6E222B2D4D00AD3CF8 /* HideKeyboard.swift in Sources */,
				96784FE9222CE50100C60DA8 /* AddReviewVC.swift in Sources */,
				96AF2F7C222BAD7E00AD3CF8 /* WaterFountains.swift in Sources */,
				963B1EE622016DF500388F67 /* MapVC.swift in Sources */,
				96AF2F68222A48EA00AD3CF8 /* Review.swift in Sources */,
				9649878522271AD5005AE6DC /* SchoolDetail.swift in Sources */,
				9649878322253079005AE6DC /* School.swift in Sources */,
				96AF2F7E222BBC5200AD3CF8 /* ReviewDoneVC.swift in Sources */,
				96AF2F80222BC10000AD3CF8 /* CreateProfileVC.swift in Sources */,
				9644333C21EF030B000D3C38 /* ViewController.swift in Sources */,
				96AF2F6A222A4C0200AD3CF8 /* RootProfileVC.swift in Sources */,
				9644333A21EF030B000D3C38 /* AppDelegate.swift in Sources */,
				96AF2F71222B77F100AD3CF8 /* RatingControl.swift in Sources */,
			);
			runOnlyForDeploymentPostprocessing = 0;
		};
/* End PBXSourcesBuildPhase section */

/* Begin PBXVariantGroup section */
		9644333D21EF030B000D3C38 /* Main.storyboard */ = {
			isa = PBXVariantGroup;
			children = (
				9644333E21EF030B000D3C38 /* Base */,
			);
			name = Main.storyboard;
			sourceTree = "<group>";
		};
		9644334221EF030B000D3C38 /* LaunchScreen.storyboard */ = {
			isa = PBXVariantGroup;
			children = (
				9644334321EF030B000D3C38 /* Base */,
			);
			name = LaunchScreen.storyboard;
			sourceTree = "<group>";
		};
/* End PBXVariantGroup section */

/* Begin XCBuildConfiguration section */
		9644334621EF030B000D3C38 /* Debug */ = {
			isa = XCBuildConfiguration;
			buildSettings = {
				ALWAYS_SEARCH_USER_PATHS = NO;
				CLANG_ANALYZER_NONNULL = YES;
				CLANG_ANALYZER_NUMBER_OBJECT_CONVERSION = YES_AGGRESSIVE;
				CLANG_CXX_LANGUAGE_STANDARD = "gnu++14";
				CLANG_CXX_LIBRARY = "libc++";
				CLANG_ENABLE_MODULES = YES;
				CLANG_ENABLE_OBJC_ARC = YES;
				CLANG_ENABLE_OBJC_WEAK = YES;
				CLANG_WARN_BLOCK_CAPTURE_AUTORELEASING = YES;
				CLANG_WARN_BOOL_CONVERSION = YES;
				CLANG_WARN_COMMA = YES;
				CLANG_WARN_CONSTANT_CONVERSION = YES;
				CLANG_WARN_DEPRECATED_OBJC_IMPLEMENTATIONS = YES;
				CLANG_WARN_DIRECT_OBJC_ISA_USAGE = YES_ERROR;
				CLANG_WARN_DOCUMENTATION_COMMENTS = YES;
				CLANG_WARN_EMPTY_BODY = YES;
				CLANG_WARN_ENUM_CONVERSION = YES;
				CLANG_WARN_INFINITE_RECURSION = YES;
				CLANG_WARN_INT_CONVERSION = YES;
				CLANG_WARN_NON_LITERAL_NULL_CONVERSION = YES;
				CLANG_WARN_OBJC_IMPLICIT_RETAIN_SELF = YES;
				CLANG_WARN_OBJC_LITERAL_CONVERSION = YES;
				CLANG_WARN_OBJC_ROOT_CLASS = YES_ERROR;
				CLANG_WARN_RANGE_LOOP_ANALYSIS = YES;
				CLANG_WARN_STRICT_PROTOTYPES = YES;
				CLANG_WARN_SUSPICIOUS_MOVE = YES;
				CLANG_WARN_UNGUARDED_AVAILABILITY = YES_AGGRESSIVE;
				CLANG_WARN_UNREACHABLE_CODE = YES;
				CLANG_WARN__DUPLICATE_METHOD_MATCH = YES;
				CODE_SIGN_IDENTITY = "iPhone Developer";
				COPY_PHASE_STRIP = NO;
				DEBUG_INFORMATION_FORMAT = dwarf;
				ENABLE_STRICT_OBJC_MSGSEND = YES;
				ENABLE_TESTABILITY = YES;
				GCC_C_LANGUAGE_STANDARD = gnu11;
				GCC_DYNAMIC_NO_PIC = NO;
				GCC_NO_COMMON_BLOCKS = YES;
				GCC_OPTIMIZATION_LEVEL = 0;
				GCC_PREPROCESSOR_DEFINITIONS = (
					"DEBUG=1",
					"$(inherited)",
				);
				GCC_WARN_64_TO_32_BIT_CONVERSION = YES;
				GCC_WARN_ABOUT_RETURN_TYPE = YES_ERROR;
				GCC_WARN_UNDECLARED_SELECTOR = YES;
				GCC_WARN_UNINITIALIZED_AUTOS = YES_AGGRESSIVE;
				GCC_WARN_UNUSED_FUNCTION = YES;
				GCC_WARN_UNUSED_VARIABLE = YES;
				IPHONEOS_DEPLOYMENT_TARGET = 12.1;
				MTL_ENABLE_DEBUG_INFO = INCLUDE_SOURCE;
				MTL_FAST_MATH = YES;
				ONLY_ACTIVE_ARCH = YES;
				SDKROOT = iphoneos;
				SWIFT_ACTIVE_COMPILATION_CONDITIONS = DEBUG;
				SWIFT_OPTIMIZATION_LEVEL = "-Onone";
			};
			name = Debug;
		};
		9644334721EF030B000D3C38 /* Release */ = {
			isa = XCBuildConfiguration;
			buildSettings = {
				ALWAYS_SEARCH_USER_PATHS = NO;
				CLANG_ANALYZER_NONNULL = YES;
				CLANG_ANALYZER_NUMBER_OBJECT_CONVERSION = YES_AGGRESSIVE;
				CLANG_CXX_LANGUAGE_STANDARD = "gnu++14";
				CLANG_CXX_LIBRARY = "libc++";
				CLANG_ENABLE_MODULES = YES;
				CLANG_ENABLE_OBJC_ARC = YES;
				CLANG_ENABLE_OBJC_WEAK = YES;
				CLANG_WARN_BLOCK_CAPTURE_AUTORELEASING = YES;
				CLANG_WARN_BOOL_CONVERSION = YES;
				CLANG_WARN_COMMA = YES;
				CLANG_WARN_CONSTANT_CONVERSION = YES;
				CLANG_WARN_DEPRECATED_OBJC_IMPLEMENTATIONS = YES;
				CLANG_WARN_DIRECT_OBJC_ISA_USAGE = YES_ERROR;
				CLANG_WARN_DOCUMENTATION_COMMENTS = YES;
				CLANG_WARN_EMPTY_BODY = YES;
				CLANG_WARN_ENUM_CONVERSION = YES;
				CLANG_WARN_INFINITE_RECURSION = YES;
				CLANG_WARN_INT_CONVERSION = YES;
				CLANG_WARN_NON_LITERAL_NULL_CONVERSION = YES;
				CLANG_WARN_OBJC_IMPLICIT_RETAIN_SELF = YES;
				CLANG_WARN_OBJC_LITERAL_CONVERSION = YES;
				CLANG_WARN_OBJC_ROOT_CLASS = YES_ERROR;
				CLANG_WARN_RANGE_LOOP_ANALYSIS = YES;
				CLANG_WARN_STRICT_PROTOTYPES = YES;
				CLANG_WARN_SUSPICIOUS_MOVE = YES;
				CLANG_WARN_UNGUARDED_AVAILABILITY = YES_AGGRESSIVE;
				CLANG_WARN_UNREACHABLE_CODE = YES;
				CLANG_WARN__DUPLICATE_METHOD_MATCH = YES;
				CODE_SIGN_IDENTITY = "iPhone Developer";
				COPY_PHASE_STRIP = NO;
				DEBUG_INFORMATION_FORMAT = "dwarf-with-dsym";
				ENABLE_NS_ASSERTIONS = NO;
				ENABLE_STRICT_OBJC_MSGSEND = YES;
				GCC_C_LANGUAGE_STANDARD = gnu11;
				GCC_NO_COMMON_BLOCKS = YES;
				GCC_WARN_64_TO_32_BIT_CONVERSION = YES;
				GCC_WARN_ABOUT_RETURN_TYPE = YES_ERROR;
				GCC_WARN_UNDECLARED_SELECTOR = YES;
				GCC_WARN_UNINITIALIZED_AUTOS = YES_AGGRESSIVE;
				GCC_WARN_UNUSED_FUNCTION = YES;
				GCC_WARN_UNUSED_VARIABLE = YES;
				IPHONEOS_DEPLOYMENT_TARGET = 12.1;
				MTL_ENABLE_DEBUG_INFO = NO;
				MTL_FAST_MATH = YES;
				SDKROOT = iphoneos;
				SWIFT_COMPILATION_MODE = wholemodule;
				SWIFT_OPTIMIZATION_LEVEL = "-O";
				VALIDATE_PRODUCT = YES;
			};
			name = Release;
		};
		9644334921EF030B000D3C38 /* Debug */ = {
			isa = XCBuildConfiguration;
			baseConfigurationReference = 8C260627F81F7D10B3B8E068 /* Pods-Welp.debug.xcconfig */;
			buildSettings = {
				ASSETCATALOG_COMPILER_APPICON_NAME = AppIcon;
				CODE_SIGN_ENTITLEMENTS = Welp/Welp.entitlements;
				CODE_SIGN_STYLE = Automatic;
				DEVELOPMENT_TEAM = YHBK86M5WJ;
				INFOPLIST_FILE = "$(SRCROOT)/Welp/Info.plist";
				IPHONEOS_DEPLOYMENT_TARGET = 12.0;
				LD_RUNPATH_SEARCH_PATHS = (
					"$(inherited)",
					"@executable_path/Frameworks",
				);
				PRODUCT_BUNDLE_IDENTIFIER = bloc.io.Welp;
				PRODUCT_NAME = "$(TARGET_NAME)";
				SWIFT_VERSION = 4.2;
				TARGETED_DEVICE_FAMILY = "1,2";
			};
			name = Debug;
		};
		9644334A21EF030B000D3C38 /* Release */ = {
			isa = XCBuildConfiguration;
			baseConfigurationReference = 9B37B81297CBF4C35F3779F2 /* Pods-Welp.release.xcconfig */;
			buildSettings = {
				ASSETCATALOG_COMPILER_APPICON_NAME = AppIcon;
				CODE_SIGN_ENTITLEMENTS = Welp/Welp.entitlements;
				CODE_SIGN_STYLE = Automatic;
				DEVELOPMENT_TEAM = YHBK86M5WJ;
				INFOPLIST_FILE = "$(SRCROOT)/Welp/Info.plist";
				IPHONEOS_DEPLOYMENT_TARGET = 12.0;
				LD_RUNPATH_SEARCH_PATHS = (
					"$(inherited)",
					"@executable_path/Frameworks",
				);
				PRODUCT_BUNDLE_IDENTIFIER = bloc.io.Welp;
				PRODUCT_NAME = "$(TARGET_NAME)";
				SWIFT_VERSION = 4.2;
				TARGETED_DEVICE_FAMILY = "1,2";
			};
			name = Release;
		};
/* End XCBuildConfiguration section */

/* Begin XCConfigurationList section */
		9644333121EF030B000D3C38 /* Build configuration list for PBXProject "Welp" */ = {
			isa = XCConfigurationList;
			buildConfigurations = (
				9644334621EF030B000D3C38 /* Debug */,
				9644334721EF030B000D3C38 /* Release */,
			);
			defaultConfigurationIsVisible = 0;
			defaultConfigurationName = Release;
		};
		9644334821EF030B000D3C38 /* Build configuration list for PBXNativeTarget "Welp" */ = {
			isa = XCConfigurationList;
			buildConfigurations = (
				9644334921EF030B000D3C38 /* Debug */,
				9644334A21EF030B000D3C38 /* Release */,
			);
			defaultConfigurationIsVisible = 0;
			defaultConfigurationName = Release;
		};
/* End XCConfigurationList section */
	};
	rootObject = 9644332E21EF030B000D3C38 /* Project object */;
}
